<?xml version="1.0" encoding="utf-8"?>
<Project ToolsVersion="4.0" xmlns="http://schemas.microsoft.com/developer/msbuild/2003">
  <ItemGroup>
    <Filter Include="Source Files">
      <UniqueIdentifier>{4FC737F1-C7A5-4376-A066-2A32D752A2FF}</UniqueIdentifier>
      <Extensions>cpp;c;cc;cxx;c++;cppm;ixx;def;odl;idl;hpj;bat;asm;asmx</Extensions>
    </Filter>
    <Filter Include="Header Files">
      <UniqueIdentifier>{93995380-89BD-4b04-88EB-625FBE52EBFB}</UniqueIdentifier>
      <Extensions>h;hh;hpp;hxx;h++;hm;inl;inc;ipp;xsd</Extensions>
    </Filter>
    <Filter Include="Resource Files">
      <UniqueIdentifier>{67DA6AB6-F800-4c08-8B7A-83BB121AAD01}</UniqueIdentifier>
      <Extensions>rc;ico;cur;bmp;dlg;rc2;rct;bin;rgs;gif;jpg;jpeg;jpe;resx;tiff;tif;png;wav;mfcribbon-ms</Extensions>
    </Filter>
    <Filter Include="Visualisations">
      <UniqueIdentifier>{94c2264b-2e91-425d-afea-6a6d8a0b624a}</UniqueIdentifier>
    </Filter>
    <Filter Include="Source Files\Login">
      <UniqueIdentifier>{0dce94ff-ef2e-46fa-87f4-3069bf851c5d}</UniqueIdentifier>
    </Filter>
    <Filter Include="Source Files\FileIO">
      <UniqueIdentifier>{a7a666f5-878d-4890-b713-96a4627bd525}</UniqueIdentifier>
    </Filter>
    <Filter Include="Source Files\Menu">
      <UniqueIdentifier>{ba8d02ca-925f-45f3-8eec-539ed0dd7b10}</UniqueIdentifier>
    </Filter>
    <Filter Include="Source Files\Logout">
      <UniqueIdentifier>{fe9902ed-84fd-49a5-8550-d7e8659528a7}</UniqueIdentifier>
    </Filter>
    <Filter Include="Source Files\ChangePassword">
      <UniqueIdentifier>{46ff9e88-4ce1-4328-b2c3-6b29bdfd1bbc}</UniqueIdentifier>
    </Filter>
    <Filter Include="Source Files\Misc">
      <UniqueIdentifier>{c5025c76-b17d-44dd-987e-302697a111db}</UniqueIdentifier>
    </Filter>
    <Filter Include="Source Files\Profile">
      <UniqueIdentifier>{52e457f9-5875-4437-9c91-c1c4a06e33c4}</UniqueIdentifier>
    </Filter>
    <Filter Include="Source Files\Session">
      <UniqueIdentifier>{4bee731e-3475-42f3-899a-8dae0f7f5462}</UniqueIdentifier>
    </Filter>
  </ItemGroup>
  <ItemGroup>
    <ClCompile Include="src\main.cpp">
      <Filter>Source Files</Filter>
    </ClCompile>
    <ClCompile Include="src\functions.cpp">
      <Filter>Source Files</Filter>
    </ClCompile>
    <ClCompile Include="src\global.h">
      <Filter>Header Files</Filter>
    </ClCompile>
    <ClCompile Include="src\functions\Login\Login.cpp">
      <Filter>Source Files\Login</Filter>
    </ClCompile>
    <ClCompile Include="src\functions\FileIO\FileRead.cpp">
      <Filter>Source Files\FileIO</Filter>
    </ClCompile>
    <ClCompile Include="src\functions\FileIO\FileUpdate.cpp">
      <Filter>Source Files\FileIO</Filter>
    </ClCompile>
    <ClCompile Include="src\functions\FileIO\FileWrite.cpp">
      <Filter>Source Files\FileIO</Filter>
    </ClCompile>
    <ClCompile Include="src\functions\Menu\Menu.cpp">
      <Filter>Source Files\Menu</Filter>
    </ClCompile>
    <ClCompile Include="src\functions\Logout\Logout.cpp">
      <Filter>Source Files\Logout</Filter>
    </ClCompile>
    <ClCompile Include="src\functions\ChangePassword\ChangePassword.cpp">
      <Filter>Source Files\ChangePassword</Filter>
    </ClCompile>
    <ClCompile Include="src\functions\Misc\Misc.cpp">
      <Filter>Source Files\Misc</Filter>
    </ClCompile>
    <ClCompile Include="src\functions\Profile\Profile.cpp">
      <Filter>Source Files\Profile</Filter>
    </ClCompile>
    <ClCompile Include="src\functions\Session\Session.cpp">
      <Filter>Source Files\Session</Filter>
    </ClCompile>
  </ItemGroup>
  <ItemGroup>
    <None Include="visualisations\Users.drawio">
      <Filter>Visualisations</Filter>
    </None>
    <None Include="Readme.md" />
  </ItemGroup>
  <ItemGroup>
    <ClInclude Include="src\struct_definitions\User.h">
      <Filter>Header Files</Filter>
    </ClInclude>
    <ClInclude Include="src\functions\Login\Login.h">
      <Filter>Source Files\Login</Filter>
    </ClInclude>
    <ClInclude Include="src\functions\FileIO\FileIO.h">
      <Filter>Source Files\FileIO</Filter>
    </ClInclude>
    <ClInclude Include="src\functions\Menu\Menu.h">
      <Filter>Source Files\Menu</Filter>
    </ClInclude>
    <ClInclude Include="src\functions\Logout\Logout.h">
      <Filter>Source Files\Logout</Filter>
    </ClInclude>
    <ClInclude Include="src\functions\ChangePassword\ChangePassword.h">
      <Filter>Source Files\ChangePassword</Filter>
    </ClInclude>
    <ClInclude Include="src\functions\Misc\Misc.h">
      <Filter>Source Files\Misc</Filter>
    </ClInclude>
    <ClInclude Include="src\functions\Profile\Profile.h">
      <Filter>Source Files\Profile</Filter>
    </ClInclude>
    <ClInclude Include="src\functions\Session\Session.h">
      <Filter>Source Files\Session</Filter>
    </ClInclude>
  </ItemGroup>
</Project>