
Microsoft Visual Studio Solution File, Format Version 12.00
# Visual Studio Version 17
VisualStudioVersion = 17.5.33424.131
MinimumVisualStudioVersion = 10.0.40219.1
Project("{8BC9CEB8-8B4A-11D0-8D11-00A0C91BC942}") = "not-really-hcmusportal-2.0", "not-really-hcmusportal-2.0.vcxproj", "{2B18B19D-D3F6-4377-B0D7-7C5D0DBDB512}"
EndProject
Global
	GlobalSection(SolutionConfigurationPlatforms) = preSolution
		Debug|x64 = Debug|x64
		Debug|x86 = Debug|x86
		Release|x64 = Release|x64
		Release|x86 = Release|x86
	EndGlobalSection
	GlobalSection(ProjectConfigurationPlatforms) = postSolution
		{2B18B19D-D3F6-4377-B0D7-7C5D0DBDB512}.Debug|x64.ActiveCfg = Debug|x64
		{2B18B19D-D3F6-4377-B0D7-7C5D0DBDB512}.Debug|x64.Build.0 = Debug|x64
		{2B18B19D-D3F6-4377-B0D7-7C5D0DBDB512}.Debug|x86.ActiveCfg = Debug|Win32
		{2B18B19D-D3F6-4377-B0D7-7C5D0DBDB512}.Debug|x86.Build.0 = Debug|Win32
		{2B18B19D-D3F6-4377-B0D7-7C5D0DBDB512}.Release|x64.ActiveCfg = Release|x64
		{2B18B19D-D3F6-4377-B0D7-7C5D0DBDB512}.Release|x64.Build.0 = Release|x64
		{2B18B19D-D3F6-4377-B0D7-7C5D0DBDB512}.Release|x86.ActiveCfg = Release|Win32
		{2B18B19D-D3F6-4377-B0D7-7C5D0DBDB512}.Release|x86.Build.0 = Release|Win32
	EndGlobalSection
	GlobalSection(SolutionProperties) = preSolution
		HideSolutionNode = FALSE
	EndGlobalSection
	GlobalSection(ExtensibilityGlobals) = postSolution
		SolutionGuid = {48E723EA-82B5-4A17-867E-802513F04527}
	EndGlobalSection
EndGlobal
